
Microsoft Visual Studio Solution File, Format Version 12.00
# Visual Studio Version 16
VisualStudioVersion = 16.0.29025.244
MinimumVisualStudioVersion = 10.0.40219.1
Project("{FAE04EC0-301F-11D3-BF4B-00C04F79EFBC}") = "QuickBuy", "QuickBuy\QuickBuy.csproj", "{B1DB72E1-2A98-41CD-9830-150C6D701DCF}"
EndProject
Project("{FAE04EC0-301F-11D3-BF4B-00C04F79EFBC}") = "QuickBuy.Repositorio", "QuickBuy.Repositorio\QuickBuy.Repositorio.csproj", "{6CB594FB-ED67-4BF1-8158-9C3AE56F8B52}"
EndProject
Project("{FAE04EC0-301F-11D3-BF4B-00C04F79EFBC}") = "QuickBuy.Web", "QuickBuy.Web\QuickBuy.Web.csproj", "{AFE6FE0A-E823-4A19-9A4E-1575AD5871C7}"
EndProject
Global
	GlobalSection(SolutionConfigurationPlatforms) = preSolution
		Debug|Any CPU = Debug|Any CPU
		Release|Any CPU = Release|Any CPU
	EndGlobalSection
	GlobalSection(ProjectConfigurationPlatforms) = postSolution
		{B1DB72E1-2A98-41CD-9830-150C6D701DCF}.Debug|Any CPU.ActiveCfg = Debug|Any CPU
		{B1DB72E1-2A98-41CD-9830-150C6D701DCF}.Debug|Any CPU.Build.0 = Debug|Any CPU
		{B1DB72E1-2A98-41CD-9830-150C6D701DCF}.Release|Any CPU.ActiveCfg = Release|Any CPU
		{B1DB72E1-2A98-41CD-9830-150C6D701DCF}.Release|Any CPU.Build.0 = Release|Any CPU
		{6CB594FB-ED67-4BF1-8158-9C3AE56F8B52}.Debug|Any CPU.ActiveCfg = Debug|Any CPU
		{6CB594FB-ED67-4BF1-8158-9C3AE56F8B52}.Debug|Any CPU.Build.0 = Debug|Any CPU
		{6CB594FB-ED67-4BF1-8158-9C3AE56F8B52}.Release|Any CPU.ActiveCfg = Release|Any CPU
		{6CB594FB-ED67-4BF1-8158-9C3AE56F8B52}.Release|Any CPU.Build.0 = Release|Any CPU
		{AFE6FE0A-E823-4A19-9A4E-1575AD5871C7}.Debug|Any CPU.ActiveCfg = Debug|Any CPU
		{AFE6FE0A-E823-4A19-9A4E-1575AD5871C7}.Debug|Any CPU.Build.0 = Debug|Any CPU
		{AFE6FE0A-E823-4A19-9A4E-1575AD5871C7}.Release|Any CPU.ActiveCfg = Release|Any CPU
		{AFE6FE0A-E823-4A19-9A4E-1575AD5871C7}.Release|Any CPU.Build.0 = Release|Any CPU
	EndGlobalSection
	GlobalSection(SolutionProperties) = preSolution
		HideSolutionNode = FALSE
	EndGlobalSection
	GlobalSection(ExtensibilityGlobals) = postSolution
		SolutionGuid = {349C767F-0AEB-43D2-BFC8-333512DDFE32}
	EndGlobalSection
EndGlobal
